
Microsoft Visual Studio Solution File, Format Version 12.00
# Visual Studio 15
VisualStudioVersion = 15.0.26730.12
MinimumVisualStudioVersion = 10.0.40219.1
Project("{9A19103F-16F7-4668-BE54-9A1E7A4F7556}") = "Ether", "Ether\Ether.csproj", "{9CFBB9DF-00AA-4C69-B79F-2F00C19EF952}"
EndProject
Project("{9A19103F-16F7-4668-BE54-9A1E7A4F7556}") = "Ether.Tests", "Ether.Tests\Ether.Tests.csproj", "{64A10A45-F18A-4C1D-A28F-401EC966FFA8}"
EndProject
Project("{FAE04EC0-301F-11D3-BF4B-00C04F79EFBC}") = "Ether.Core", "Ether.Core\Ether.Core.csproj", "{3E45A5DF-8232-4F62-AAF7-C5FFDE5D790B}"
EndProject
Global
	GlobalSection(SolutionConfigurationPlatforms) = preSolution
		Debug|Any CPU = Debug|Any CPU
		Release|Any CPU = Release|Any CPU
	EndGlobalSection
	GlobalSection(ProjectConfigurationPlatforms) = postSolution
		{9CFBB9DF-00AA-4C69-B79F-2F00C19EF952}.Debug|Any CPU.ActiveCfg = Debug|Any CPU
		{9CFBB9DF-00AA-4C69-B79F-2F00C19EF952}.Debug|Any CPU.Build.0 = Debug|Any CPU
		{9CFBB9DF-00AA-4C69-B79F-2F00C19EF952}.Release|Any CPU.ActiveCfg = Release|Any CPU
		{9CFBB9DF-00AA-4C69-B79F-2F00C19EF952}.Release|Any CPU.Build.0 = Release|Any CPU
		{64A10A45-F18A-4C1D-A28F-401EC966FFA8}.Debug|Any CPU.ActiveCfg = Debug|Any CPU
		{64A10A45-F18A-4C1D-A28F-401EC966FFA8}.Debug|Any CPU.Build.0 = Debug|Any CPU
		{64A10A45-F18A-4C1D-A28F-401EC966FFA8}.Release|Any CPU.ActiveCfg = Release|Any CPU
		{64A10A45-F18A-4C1D-A28F-401EC966FFA8}.Release|Any CPU.Build.0 = Release|Any CPU
		{3E45A5DF-8232-4F62-AAF7-C5FFDE5D790B}.Debug|Any CPU.ActiveCfg = Debug|Any CPU
		{3E45A5DF-8232-4F62-AAF7-C5FFDE5D790B}.Debug|Any CPU.Build.0 = Debug|Any CPU
		{3E45A5DF-8232-4F62-AAF7-C5FFDE5D790B}.Release|Any CPU.ActiveCfg = Release|Any CPU
		{3E45A5DF-8232-4F62-AAF7-C5FFDE5D790B}.Release|Any CPU.Build.0 = Release|Any CPU
	EndGlobalSection
	GlobalSection(SolutionProperties) = preSolution
		HideSolutionNode = FALSE
	EndGlobalSection
	GlobalSection(ExtensibilityGlobals) = postSolution
		SolutionGuid = {B333D861-D4DA-41A7-8910-EDD627F8C7F4}
	EndGlobalSection
EndGlobal
